
Microsoft Visual Studio Solution File, Format Version 12.00
# Visual Studio 14
VisualStudioVersion = 14.0.25420.1
MinimumVisualStudioVersion = 10.0.40219.1
Project("{FAE04EC0-301F-11D3-BF4B-00C04F79EFBC}") = "testPPI", "testPPI\testPPI.csproj", "{2993531C-3137-4914-B630-3E8E837B1E65}"
EndProject
Project("{FAE04EC0-301F-11D3-BF4B-00C04F79EFBC}") = "AsynchronousSocket", "AsynchronousSocket\AsynchronousSocket.csproj", "{31D5A797-FADC-4A17-905D-8BBF9E6738E9}"
EndProject
Global
	GlobalSection(SolutionConfigurationPlatforms) = preSolution
		Debug|Any CPU = Debug|Any CPU
		Release|Any CPU = Release|Any CPU
	EndGlobalSection
	GlobalSection(ProjectConfigurationPlatforms) = postSolution
		{2993531C-3137-4914-B630-3E8E837B1E65}.Debug|Any CPU.ActiveCfg = Debug|Any CPU
		{2993531C-3137-4914-B630-3E8E837B1E65}.Debug|Any CPU.Build.0 = Debug|Any CPU
		{2993531C-3137-4914-B630-3E8E837B1E65}.Release|Any CPU.ActiveCfg = Release|Any CPU
		{2993531C-3137-4914-B630-3E8E837B1E65}.Release|Any CPU.Build.0 = Release|Any CPU
		{31D5A797-FADC-4A17-905D-8BBF9E6738E9}.Debug|Any CPU.ActiveCfg = Debug|Any CPU
		{31D5A797-FADC-4A17-905D-8BBF9E6738E9}.Debug|Any CPU.Build.0 = Debug|Any CPU
		{31D5A797-FADC-4A17-905D-8BBF9E6738E9}.Release|Any CPU.ActiveCfg = Release|Any CPU
		{31D5A797-FADC-4A17-905D-8BBF9E6738E9}.Release|Any CPU.Build.0 = Release|Any CPU
	EndGlobalSection
	GlobalSection(SolutionProperties) = preSolution
		HideSolutionNode = FALSE
	EndGlobalSection
EndGlobal
